
Microsoft Visual Studio Solution File, Format Version 12.00
Project("{FAE04EC0-301F-11D3-BF4B-00C04F79EFBC}") = "DotNetDockerCats", "DotNetDockerCats.csproj", "{00EB7E5E-D95C-4F09-BA9C-E162B5F90BD5}"
EndProject
Global
	GlobalSection(SolutionConfigurationPlatforms) = preSolution
		Debug|Any CPU = Debug|Any CPU
		Release|Any CPU = Release|Any CPU
	EndGlobalSection
	GlobalSection(ProjectConfigurationPlatforms) = postSolution
		{00EB7E5E-D95C-4F09-BA9C-E162B5F90BD5}.Debug|Any CPU.ActiveCfg = Debug|Any CPU
		{00EB7E5E-D95C-4F09-BA9C-E162B5F90BD5}.Debug|Any CPU.Build.0 = Debug|Any CPU
		{00EB7E5E-D95C-4F09-BA9C-E162B5F90BD5}.Release|Any CPU.ActiveCfg = Release|Any CPU
		{00EB7E5E-D95C-4F09-BA9C-E162B5F90BD5}.Release|Any CPU.Build.0 = Release|Any CPU
	EndGlobalSection
EndGlobal
